
Microsoft Visual Studio Solution File, Format Version 12.00
# Visual Studio Version 17
VisualStudioVersion = 17.3.32819.101
MinimumVisualStudioVersion = 10.0.40219.1
Project("{FAE04EC0-301F-11D3-BF4B-00C04F79EFBC}") = "wpf_catalog", "wpf_catalog.csproj", "{71395F14-B314-4646-9C89-7E48C90B02BD}"
EndProject
Global
	GlobalSection(SolutionConfigurationPlatforms) = preSolution
		Debug|Any CPU = Debug|Any CPU
		Release|Any CPU = Release|Any CPU
	EndGlobalSection
	GlobalSection(ProjectConfigurationPlatforms) = postSolution
		{71395F14-B314-4646-9C89-7E48C90B02BD}.Debug|Any CPU.ActiveCfg = Debug|Any CPU
		{71395F14-B314-4646-9C89-7E48C90B02BD}.Debug|Any CPU.Build.0 = Debug|Any CPU
		{71395F14-B314-4646-9C89-7E48C90B02BD}.Release|Any CPU.ActiveCfg = Release|Any CPU
		{71395F14-B314-4646-9C89-7E48C90B02BD}.Release|Any CPU.Build.0 = Release|Any CPU
	EndGlobalSection
	GlobalSection(SolutionProperties) = preSolution
		HideSolutionNode = FALSE
	EndGlobalSection
	GlobalSection(ExtensibilityGlobals) = postSolution
		SolutionGuid = {B61C7435-E80F-429A-BCC3-571A73D1A964}
	EndGlobalSection
EndGlobal
