
Microsoft Visual Studio Solution File, Format Version 12.00
# Visual Studio Version 17
VisualStudioVersion = 17.3.32901.215
MinimumVisualStudioVersion = 10.0.40219.1
Project("{FAE04EC0-301F-11D3-BF4B-00C04F79EFBC}") = "BooksAPI", "BooksAPI\BooksAPI.csproj", "{83589A50-62D1-401E-A00C-2AAB384186DF}"
EndProject
Global
	GlobalSection(SolutionConfigurationPlatforms) = preSolution
		Debug|Any CPU = Debug|Any CPU
		Release|Any CPU = Release|Any CPU
	EndGlobalSection
	GlobalSection(ProjectConfigurationPlatforms) = postSolution
		{83589A50-62D1-401E-A00C-2AAB384186DF}.Debug|Any CPU.ActiveCfg = Debug|Any CPU
		{83589A50-62D1-401E-A00C-2AAB384186DF}.Debug|Any CPU.Build.0 = Debug|Any CPU
		{83589A50-62D1-401E-A00C-2AAB384186DF}.Release|Any CPU.ActiveCfg = Release|Any CPU
		{83589A50-62D1-401E-A00C-2AAB384186DF}.Release|Any CPU.Build.0 = Release|Any CPU
	EndGlobalSection
	GlobalSection(SolutionProperties) = preSolution
		HideSolutionNode = FALSE
	EndGlobalSection
	GlobalSection(ExtensibilityGlobals) = postSolution
		SolutionGuid = {6AFFBDE5-8F90-42AD-8EF0-09D26496E1C5}
	EndGlobalSection
EndGlobal
